
Microsoft Visual Studio Solution File, Format Version 12.00
# Visual Studio Version 17
VisualStudioVersion = 17.14.36301.6
MinimumVisualStudioVersion = 10.0.40219.1
Project("{2150E333-8FDC-42A3-9474-1A3956D46DE8}") = "lib", "lib", "{02EA681E-C7D8-13C7-8484-4AC65E1B71E8}"
EndProject
Project("{2150E333-8FDC-42A3-9474-1A3956D46DE8}") = "src", "src", "{EBBEBD82-B6B6-47DC-ADA4-D1D2925A5A1A}"
EndProject
Project("{2150E333-8FDC-42A3-9474-1A3956D46DE8}") = "tests", "tests", "{0D854C1E-AEE9-4FF0-AF10-86C361877335}"
EndProject
Project("{2150E333-8FDC-42A3-9474-1A3956D46DE8}") = "tools", "tools", "{0774AE0B-0565-46A5-9EF5-663247470291}"
EndProject
Project("{FAE04EC0-301F-11D3-BF4B-00C04F79EFBC}") = "RecLabIs.Tests.Unit", "tests\RecLabIs.Tests.Unit\RecLabIs.Tests.Unit.csproj", "{55F24CB7-8B7A-46F0-9444-DD59A2717608}"
EndProject
Project("{FAE04EC0-301F-11D3-BF4B-00C04F79EFBC}") = "RecLabIs.Tests.Integration", "tests\RecLabIs.Tests.Integration\RecLabIs.Tests.Integration.csproj", "{789F326D-4183-40DE-99FE-453FB0DC1BCE}"
EndProject
Project("{FAE04EC0-301F-11D3-BF4B-00C04F79EFBC}") = "RecLabIs.Tests.Common", "tests\RecLabIs.Tests.Common\RecLabIs.Tests.Common.csproj", "{DC9466A3-1C48-4838-8E05-1EF74A8A88DE}"
EndProject
Project("{FAE04EC0-301F-11D3-BF4B-00C04F79EFBC}") = "RecLabIs.Desktop", "src\RecLabIs.Desktop\RecLabIs.Desktop.csproj", "{5C51CFDC-85A5-4FD7-97F9-34EEAF843C0D}"
EndProject
Project("{FAE04EC0-301F-11D3-BF4B-00C04F79EFBC}") = "RecLabIs.Application", "src\RecLabIs.Application\RecLabIs.Application.csproj", "{85A25EFF-EC15-44E9-9836-5E260C33BD1D}"
EndProject
Project("{FAE04EC0-301F-11D3-BF4B-00C04F79EFBC}") = "RecLabIs.Domain", "src\RecLabIs.Domain\RecLabIs.Domain.csproj", "{19D49114-EB30-47D4-A240-1D6BE37A2CBB}"
EndProject
Project("{FAE04EC0-301F-11D3-BF4B-00C04F79EFBC}") = "RecLabIs.Infrastructure", "src\RecLabIs.Infrastructure\RecLabIs.Infrastructure.csproj", "{CCF43222-3DE6-4E89-8F11-02ABD9D42F12}"
EndProject
Project("{FAE04EC0-301F-11D3-BF4B-00C04F79EFBC}") = "DA.Results", "lib\DA.Results\DA.Results.csproj", "{0998B343-F759-4C9E-8767-47FF0DC9E3A6}"
EndProject
Project("{FAE04EC0-301F-11D3-BF4B-00C04F79EFBC}") = "DA.Optional", "lib\DA.Optional\DA.Optional.csproj", "{4D475559-CE6A-3528-C1CD-AD23C2CCA3B5}"
EndProject
Project("{FAE04EC0-301F-11D3-BF4B-00C04F79EFBC}") = "RecLabIs.DataMigration", "tools\RecLabIs.DataMigration\RecLabIs.DataMigration.csproj", "{370BF793-2584-88F6-42D3-0DC74F16C05B}"
EndProject
Project("{2150E333-8FDC-42A3-9474-1A3956D46DE8}") = "Solution Items", "Solution Items", "{8EC462FD-D22E-90A8-E5CE-7E832BA40C5D}"
	ProjectSection(SolutionItems) = preProject
		.gitignore = .gitignore
		README.md = README.md
	EndProjectSection
EndProject
Project("{FAE04EC0-301F-11D3-BF4B-00C04F79EFBC}") = "DA.Guards", "lib\DA.Guards\DA.Guards.csproj", "{CBFEB472-22CD-4F05-8805-8A594AB81E13}"
EndProject
Project("{2150E333-8FDC-42A3-9474-1A3956D46DE8}") = "tests", "tests", "{44139EDD-8847-4C87-9C43-C7BFDC65DA29}"
EndProject
Project("{FAE04EC0-301F-11D3-BF4B-00C04F79EFBC}") = "Guards.Tests.Unit", "lib\tests\Guards.Tests.Unit\Guards.Tests.Unit.csproj", "{2E5520FA-CF77-4D09-912F-D5F2E14F83A4}"
EndProject
Project("{FAE04EC0-301F-11D3-BF4B-00C04F79EFBC}") = "Optional.Tests.Unit", "lib\tests\Optional.Tests.Unit\Optional.Tests.Unit.csproj", "{08B4960F-14F9-4C7C-BDF9-CA9175325A0F}"
EndProject
Project("{FAE04EC0-301F-11D3-BF4B-00C04F79EFBC}") = "Results.Tests.Unit", "lib\tests\Results.Tests.Unit\Results.Tests.Unit.csproj", "{3CBB162B-EF23-4882-8E12-1BE7078743D5}"
EndProject
Project("{FAE04EC0-301F-11D3-BF4B-00C04F79EFBC}") = "DA.Messaging", "lib\DA.Messaging\DA.Messaging.csproj", "{89BE1CD7-66CD-46E8-8DA1-6AB25D5B3436}"
EndProject
Project("{FAE04EC0-301F-11D3-BF4B-00C04F79EFBC}") = "Messaging.Tests.Unit", "lib\tests\Messaging.Tests.Unit\Messaging.Tests.Unit.csproj", "{7B11C1EB-69FF-4D3A-856B-9AA5A318FA6F}"
EndProject
Project("{FAE04EC0-301F-11D3-BF4B-00C04F79EFBC}") = "Messaging.Tests.Integration", "lib\tests\Messaging.Tests.Integration\Messaging.Tests.Integration.csproj", "{0AACAF9F-04C9-4312-8CE0-A5A79CC1C465}"
EndProject
Project("{FAE04EC0-301F-11D3-BF4B-00C04F79EFBC}") = "Messaging.Tests.Data", "lib\tests\Messaging.Tests.Data\Messaging.Tests.Data.csproj", "{1705A2E7-5832-484B-A8B4-BC18F56227FE}"
EndProject
Project("{FAE04EC0-301F-11D3-BF4B-00C04F79EFBC}") = "DA.Messaging.FluentValidation", "lib\DA.Messaging.FluentValidation\DA.Messaging.FluentValidation.csproj", "{53938A6B-321A-E0A5-6856-1ABF01EFA47D}"
EndProject
Project("{FAE04EC0-301F-11D3-BF4B-00C04F79EFBC}") = "DA.Foundations", "lib\DA.Foundations\DA.Foundations.csproj", "{FD253FF5-BF11-491D-92D8-E9F99790BFD5}"
EndProject
Project("{FAE04EC0-301F-11D3-BF4B-00C04F79EFBC}") = "Foundations.Tests.Unit", "lib\tests\Foundations.Tests.Unit\Foundations.Tests.Unit.csproj", "{1B16F83F-5E24-4DE4-A1C5-B0298810F1EF}"
EndProject
Global
	GlobalSection(SolutionConfigurationPlatforms) = preSolution
		Debug|Any CPU = Debug|Any CPU
		Release|Any CPU = Release|Any CPU
	EndGlobalSection
	GlobalSection(ProjectConfigurationPlatforms) = postSolution
		{55F24CB7-8B7A-46F0-9444-DD59A2717608}.Debug|Any CPU.ActiveCfg = Debug|Any CPU
		{55F24CB7-8B7A-46F0-9444-DD59A2717608}.Debug|Any CPU.Build.0 = Debug|Any CPU
		{55F24CB7-8B7A-46F0-9444-DD59A2717608}.Release|Any CPU.ActiveCfg = Release|Any CPU
		{55F24CB7-8B7A-46F0-9444-DD59A2717608}.Release|Any CPU.Build.0 = Release|Any CPU
		{789F326D-4183-40DE-99FE-453FB0DC1BCE}.Debug|Any CPU.ActiveCfg = Debug|Any CPU
		{789F326D-4183-40DE-99FE-453FB0DC1BCE}.Debug|Any CPU.Build.0 = Debug|Any CPU
		{789F326D-4183-40DE-99FE-453FB0DC1BCE}.Release|Any CPU.ActiveCfg = Release|Any CPU
		{789F326D-4183-40DE-99FE-453FB0DC1BCE}.Release|Any CPU.Build.0 = Release|Any CPU
		{DC9466A3-1C48-4838-8E05-1EF74A8A88DE}.Debug|Any CPU.ActiveCfg = Debug|Any CPU
		{DC9466A3-1C48-4838-8E05-1EF74A8A88DE}.Debug|Any CPU.Build.0 = Debug|Any CPU
		{DC9466A3-1C48-4838-8E05-1EF74A8A88DE}.Release|Any CPU.ActiveCfg = Release|Any CPU
		{DC9466A3-1C48-4838-8E05-1EF74A8A88DE}.Release|Any CPU.Build.0 = Release|Any CPU
		{5C51CFDC-85A5-4FD7-97F9-34EEAF843C0D}.Debug|Any CPU.ActiveCfg = Debug|Any CPU
		{5C51CFDC-85A5-4FD7-97F9-34EEAF843C0D}.Debug|Any CPU.Build.0 = Debug|Any CPU
		{5C51CFDC-85A5-4FD7-97F9-34EEAF843C0D}.Release|Any CPU.ActiveCfg = Release|Any CPU
		{5C51CFDC-85A5-4FD7-97F9-34EEAF843C0D}.Release|Any CPU.Build.0 = Release|Any CPU
		{85A25EFF-EC15-44E9-9836-5E260C33BD1D}.Debug|Any CPU.ActiveCfg = Debug|Any CPU
		{85A25EFF-EC15-44E9-9836-5E260C33BD1D}.Debug|Any CPU.Build.0 = Debug|Any CPU
		{85A25EFF-EC15-44E9-9836-5E260C33BD1D}.Release|Any CPU.ActiveCfg = Release|Any CPU
		{85A25EFF-EC15-44E9-9836-5E260C33BD1D}.Release|Any CPU.Build.0 = Release|Any CPU
		{19D49114-EB30-47D4-A240-1D6BE37A2CBB}.Debug|Any CPU.ActiveCfg = Debug|Any CPU
		{19D49114-EB30-47D4-A240-1D6BE37A2CBB}.Debug|Any CPU.Build.0 = Debug|Any CPU
		{19D49114-EB30-47D4-A240-1D6BE37A2CBB}.Release|Any CPU.ActiveCfg = Release|Any CPU
		{19D49114-EB30-47D4-A240-1D6BE37A2CBB}.Release|Any CPU.Build.0 = Release|Any CPU
		{CCF43222-3DE6-4E89-8F11-02ABD9D42F12}.Debug|Any CPU.ActiveCfg = Debug|Any CPU
		{CCF43222-3DE6-4E89-8F11-02ABD9D42F12}.Debug|Any CPU.Build.0 = Debug|Any CPU
		{CCF43222-3DE6-4E89-8F11-02ABD9D42F12}.Release|Any CPU.ActiveCfg = Release|Any CPU
		{CCF43222-3DE6-4E89-8F11-02ABD9D42F12}.Release|Any CPU.Build.0 = Release|Any CPU
		{0998B343-F759-4C9E-8767-47FF0DC9E3A6}.Debug|Any CPU.ActiveCfg = Debug|Any CPU
		{0998B343-F759-4C9E-8767-47FF0DC9E3A6}.Debug|Any CPU.Build.0 = Debug|Any CPU
		{0998B343-F759-4C9E-8767-47FF0DC9E3A6}.Release|Any CPU.ActiveCfg = Release|Any CPU
		{0998B343-F759-4C9E-8767-47FF0DC9E3A6}.Release|Any CPU.Build.0 = Release|Any CPU
		{4D475559-CE6A-3528-C1CD-AD23C2CCA3B5}.Debug|Any CPU.ActiveCfg = Debug|Any CPU
		{4D475559-CE6A-3528-C1CD-AD23C2CCA3B5}.Debug|Any CPU.Build.0 = Debug|Any CPU
		{4D475559-CE6A-3528-C1CD-AD23C2CCA3B5}.Release|Any CPU.ActiveCfg = Release|Any CPU
		{4D475559-CE6A-3528-C1CD-AD23C2CCA3B5}.Release|Any CPU.Build.0 = Release|Any CPU
		{370BF793-2584-88F6-42D3-0DC74F16C05B}.Debug|Any CPU.ActiveCfg = Debug|Any CPU
		{370BF793-2584-88F6-42D3-0DC74F16C05B}.Debug|Any CPU.Build.0 = Debug|Any CPU
		{370BF793-2584-88F6-42D3-0DC74F16C05B}.Release|Any CPU.ActiveCfg = Release|Any CPU
		{370BF793-2584-88F6-42D3-0DC74F16C05B}.Release|Any CPU.Build.0 = Release|Any CPU
		{CBFEB472-22CD-4F05-8805-8A594AB81E13}.Debug|Any CPU.ActiveCfg = Debug|Any CPU
		{CBFEB472-22CD-4F05-8805-8A594AB81E13}.Debug|Any CPU.Build.0 = Debug|Any CPU
		{CBFEB472-22CD-4F05-8805-8A594AB81E13}.Release|Any CPU.ActiveCfg = Release|Any CPU
		{CBFEB472-22CD-4F05-8805-8A594AB81E13}.Release|Any CPU.Build.0 = Release|Any CPU
		{2E5520FA-CF77-4D09-912F-D5F2E14F83A4}.Debug|Any CPU.ActiveCfg = Debug|Any CPU
		{2E5520FA-CF77-4D09-912F-D5F2E14F83A4}.Debug|Any CPU.Build.0 = Debug|Any CPU
		{2E5520FA-CF77-4D09-912F-D5F2E14F83A4}.Release|Any CPU.ActiveCfg = Release|Any CPU
		{2E5520FA-CF77-4D09-912F-D5F2E14F83A4}.Release|Any CPU.Build.0 = Release|Any CPU
		{08B4960F-14F9-4C7C-BDF9-CA9175325A0F}.Debug|Any CPU.ActiveCfg = Debug|Any CPU
		{08B4960F-14F9-4C7C-BDF9-CA9175325A0F}.Debug|Any CPU.Build.0 = Debug|Any CPU
		{08B4960F-14F9-4C7C-BDF9-CA9175325A0F}.Release|Any CPU.ActiveCfg = Release|Any CPU
		{08B4960F-14F9-4C7C-BDF9-CA9175325A0F}.Release|Any CPU.Build.0 = Release|Any CPU
		{3CBB162B-EF23-4882-8E12-1BE7078743D5}.Debug|Any CPU.ActiveCfg = Debug|Any CPU
		{3CBB162B-EF23-4882-8E12-1BE7078743D5}.Debug|Any CPU.Build.0 = Debug|Any CPU
		{3CBB162B-EF23-4882-8E12-1BE7078743D5}.Release|Any CPU.ActiveCfg = Release|Any CPU
		{3CBB162B-EF23-4882-8E12-1BE7078743D5}.Release|Any CPU.Build.0 = Release|Any CPU
		{89BE1CD7-66CD-46E8-8DA1-6AB25D5B3436}.Debug|Any CPU.ActiveCfg = Debug|Any CPU
		{89BE1CD7-66CD-46E8-8DA1-6AB25D5B3436}.Debug|Any CPU.Build.0 = Debug|Any CPU
		{89BE1CD7-66CD-46E8-8DA1-6AB25D5B3436}.Release|Any CPU.ActiveCfg = Release|Any CPU
		{89BE1CD7-66CD-46E8-8DA1-6AB25D5B3436}.Release|Any CPU.Build.0 = Release|Any CPU
		{7B11C1EB-69FF-4D3A-856B-9AA5A318FA6F}.Debug|Any CPU.ActiveCfg = Debug|Any CPU
		{7B11C1EB-69FF-4D3A-856B-9AA5A318FA6F}.Debug|Any CPU.Build.0 = Debug|Any CPU
		{7B11C1EB-69FF-4D3A-856B-9AA5A318FA6F}.Release|Any CPU.ActiveCfg = Release|Any CPU
		{7B11C1EB-69FF-4D3A-856B-9AA5A318FA6F}.Release|Any CPU.Build.0 = Release|Any CPU
		{0AACAF9F-04C9-4312-8CE0-A5A79CC1C465}.Debug|Any CPU.ActiveCfg = Debug|Any CPU
		{0AACAF9F-04C9-4312-8CE0-A5A79CC1C465}.Debug|Any CPU.Build.0 = Debug|Any CPU
		{0AACAF9F-04C9-4312-8CE0-A5A79CC1C465}.Release|Any CPU.ActiveCfg = Release|Any CPU
		{0AACAF9F-04C9-4312-8CE0-A5A79CC1C465}.Release|Any CPU.Build.0 = Release|Any CPU
		{1705A2E7-5832-484B-A8B4-BC18F56227FE}.Debug|Any CPU.ActiveCfg = Debug|Any CPU
		{1705A2E7-5832-484B-A8B4-BC18F56227FE}.Debug|Any CPU.Build.0 = Debug|Any CPU
		{1705A2E7-5832-484B-A8B4-BC18F56227FE}.Release|Any CPU.ActiveCfg = Release|Any CPU
		{1705A2E7-5832-484B-A8B4-BC18F56227FE}.Release|Any CPU.Build.0 = Release|Any CPU
		{53938A6B-321A-E0A5-6856-1ABF01EFA47D}.Debug|Any CPU.ActiveCfg = Debug|Any CPU
		{53938A6B-321A-E0A5-6856-1ABF01EFA47D}.Debug|Any CPU.Build.0 = Debug|Any CPU
		{53938A6B-321A-E0A5-6856-1ABF01EFA47D}.Release|Any CPU.ActiveCfg = Release|Any CPU
		{53938A6B-321A-E0A5-6856-1ABF01EFA47D}.Release|Any CPU.Build.0 = Release|Any CPU
		{FD253FF5-BF11-491D-92D8-E9F99790BFD5}.Debug|Any CPU.ActiveCfg = Debug|Any CPU
		{FD253FF5-BF11-491D-92D8-E9F99790BFD5}.Debug|Any CPU.Build.0 = Debug|Any CPU
		{FD253FF5-BF11-491D-92D8-E9F99790BFD5}.Release|Any CPU.ActiveCfg = Release|Any CPU
		{FD253FF5-BF11-491D-92D8-E9F99790BFD5}.Release|Any CPU.Build.0 = Release|Any CPU
		{1B16F83F-5E24-4DE4-A1C5-B0298810F1EF}.Debug|Any CPU.ActiveCfg = Debug|Any CPU
		{1B16F83F-5E24-4DE4-A1C5-B0298810F1EF}.Debug|Any CPU.Build.0 = Debug|Any CPU
		{1B16F83F-5E24-4DE4-A1C5-B0298810F1EF}.Release|Any CPU.ActiveCfg = Release|Any CPU
		{1B16F83F-5E24-4DE4-A1C5-B0298810F1EF}.Release|Any CPU.Build.0 = Release|Any CPU
	EndGlobalSection
	GlobalSection(SolutionProperties) = preSolution
		HideSolutionNode = FALSE
	EndGlobalSection
	GlobalSection(NestedProjects) = preSolution
		{55F24CB7-8B7A-46F0-9444-DD59A2717608} = {0D854C1E-AEE9-4FF0-AF10-86C361877335}
		{789F326D-4183-40DE-99FE-453FB0DC1BCE} = {0D854C1E-AEE9-4FF0-AF10-86C361877335}
		{DC9466A3-1C48-4838-8E05-1EF74A8A88DE} = {0D854C1E-AEE9-4FF0-AF10-86C361877335}
		{5C51CFDC-85A5-4FD7-97F9-34EEAF843C0D} = {EBBEBD82-B6B6-47DC-ADA4-D1D2925A5A1A}
		{85A25EFF-EC15-44E9-9836-5E260C33BD1D} = {EBBEBD82-B6B6-47DC-ADA4-D1D2925A5A1A}
		{19D49114-EB30-47D4-A240-1D6BE37A2CBB} = {EBBEBD82-B6B6-47DC-ADA4-D1D2925A5A1A}
		{CCF43222-3DE6-4E89-8F11-02ABD9D42F12} = {EBBEBD82-B6B6-47DC-ADA4-D1D2925A5A1A}
		{0998B343-F759-4C9E-8767-47FF0DC9E3A6} = {02EA681E-C7D8-13C7-8484-4AC65E1B71E8}
		{4D475559-CE6A-3528-C1CD-AD23C2CCA3B5} = {02EA681E-C7D8-13C7-8484-4AC65E1B71E8}
		{370BF793-2584-88F6-42D3-0DC74F16C05B} = {0774AE0B-0565-46A5-9EF5-663247470291}
		{CBFEB472-22CD-4F05-8805-8A594AB81E13} = {02EA681E-C7D8-13C7-8484-4AC65E1B71E8}
		{44139EDD-8847-4C87-9C43-C7BFDC65DA29} = {02EA681E-C7D8-13C7-8484-4AC65E1B71E8}
		{2E5520FA-CF77-4D09-912F-D5F2E14F83A4} = {44139EDD-8847-4C87-9C43-C7BFDC65DA29}
		{08B4960F-14F9-4C7C-BDF9-CA9175325A0F} = {44139EDD-8847-4C87-9C43-C7BFDC65DA29}
		{3CBB162B-EF23-4882-8E12-1BE7078743D5} = {44139EDD-8847-4C87-9C43-C7BFDC65DA29}
		{89BE1CD7-66CD-46E8-8DA1-6AB25D5B3436} = {02EA681E-C7D8-13C7-8484-4AC65E1B71E8}
		{7B11C1EB-69FF-4D3A-856B-9AA5A318FA6F} = {44139EDD-8847-4C87-9C43-C7BFDC65DA29}
		{0AACAF9F-04C9-4312-8CE0-A5A79CC1C465} = {44139EDD-8847-4C87-9C43-C7BFDC65DA29}
		{1705A2E7-5832-484B-A8B4-BC18F56227FE} = {44139EDD-8847-4C87-9C43-C7BFDC65DA29}
		{53938A6B-321A-E0A5-6856-1ABF01EFA47D} = {02EA681E-C7D8-13C7-8484-4AC65E1B71E8}
		{FD253FF5-BF11-491D-92D8-E9F99790BFD5} = {02EA681E-C7D8-13C7-8484-4AC65E1B71E8}
		{1B16F83F-5E24-4DE4-A1C5-B0298810F1EF} = {44139EDD-8847-4C87-9C43-C7BFDC65DA29}
	EndGlobalSection
	GlobalSection(ExtensibilityGlobals) = postSolution
		SolutionGuid = {FBF7546D-F4B7-4472-B950-0361152150C0}
	EndGlobalSection
EndGlobal
